
Microsoft Visual Studio Solution File, Format Version 12.00
# Visual Studio Version 17
VisualStudioVersion = 17.2.32526.322
MinimumVisualStudioVersion = 10.0.40219.1
Project("{FAE04EC0-301F-11D3-BF4B-00C04F79EFBC}") = "GitHub Test2", "GitHub Test2\GitHub Test2.csproj", "{1C76DCC0-0FAA-4B74-BC10-6AE6ADD682F1}"
EndProject
Global
	GlobalSection(SolutionConfigurationPlatforms) = preSolution
		Debug|Any CPU = Debug|Any CPU
		Release|Any CPU = Release|Any CPU
	EndGlobalSection
	GlobalSection(ProjectConfigurationPlatforms) = postSolution
		{1C76DCC0-0FAA-4B74-BC10-6AE6ADD682F1}.Debug|Any CPU.ActiveCfg = Debug|Any CPU
		{1C76DCC0-0FAA-4B74-BC10-6AE6ADD682F1}.Debug|Any CPU.Build.0 = Debug|Any CPU
		{1C76DCC0-0FAA-4B74-BC10-6AE6ADD682F1}.Release|Any CPU.ActiveCfg = Release|Any CPU
		{1C76DCC0-0FAA-4B74-BC10-6AE6ADD682F1}.Release|Any CPU.Build.0 = Release|Any CPU
	EndGlobalSection
	GlobalSection(SolutionProperties) = preSolution
		HideSolutionNode = FALSE
	EndGlobalSection
	GlobalSection(ExtensibilityGlobals) = postSolution
		SolutionGuid = {1ACD7352-FA68-4D48-837B-DDEB102EB19C}
	EndGlobalSection
EndGlobal
